
Microsoft Visual Studio Solution File, Format Version 12.00
# Visual Studio Version 16
VisualStudioVersion = 16.0.34114.132
MinimumVisualStudioVersion = 10.0.40219.1
Project("{FAE04EC0-301F-11D3-BF4B-00C04F79EFBC}") = "InterviewWork", "InterviewWork.csproj", "{5925005C-2865-44B9-B730-F940B766EABF}"
EndProject
Global
	GlobalSection(SolutionConfigurationPlatforms) = preSolution
		Debug|Any CPU = Debug|Any CPU
		Release|Any CPU = Release|Any CPU
	EndGlobalSection
	GlobalSection(ProjectConfigurationPlatforms) = postSolution
		{5925005C-2865-44B9-B730-F940B766EABF}.Debug|Any CPU.ActiveCfg = Debug|Any CPU
		{5925005C-2865-44B9-B730-F940B766EABF}.Debug|Any CPU.Build.0 = Debug|Any CPU
		{5925005C-2865-44B9-B730-F940B766EABF}.Release|Any CPU.ActiveCfg = Release|Any CPU
		{5925005C-2865-44B9-B730-F940B766EABF}.Release|Any CPU.Build.0 = Release|Any CPU
	EndGlobalSection
	GlobalSection(SolutionProperties) = preSolution
		HideSolutionNode = FALSE
	EndGlobalSection
	GlobalSection(ExtensibilityGlobals) = postSolution
		SolutionGuid = {450EE8FC-55C4-4C34-99F9-712050F1EDC6}
	EndGlobalSection
EndGlobal
